
Microsoft Visual Studio Solution File, Format Version 12.00
# Visual Studio 15
VisualStudioVersion = 15.0.28307.329
MinimumVisualStudioVersion = 10.0.40219.1
Project("{FAE04EC0-301F-11D3-BF4B-00C04F79EFBC}") = "csvCompare", "csvCompare\csvCompare.csproj", "{384F1F14-18BF-4E46-AAA1-2F8EF6E36D97}"
EndProject
Global
	GlobalSection(SolutionConfigurationPlatforms) = preSolution
		Debug|Any CPU = Debug|Any CPU
		Release|Any CPU = Release|Any CPU
	EndGlobalSection
	GlobalSection(ProjectConfigurationPlatforms) = postSolution
		{384F1F14-18BF-4E46-AAA1-2F8EF6E36D97}.Debug|Any CPU.ActiveCfg = Debug|Any CPU
		{384F1F14-18BF-4E46-AAA1-2F8EF6E36D97}.Debug|Any CPU.Build.0 = Debug|Any CPU
		{384F1F14-18BF-4E46-AAA1-2F8EF6E36D97}.Release|Any CPU.ActiveCfg = Release|Any CPU
		{384F1F14-18BF-4E46-AAA1-2F8EF6E36D97}.Release|Any CPU.Build.0 = Release|Any CPU
	EndGlobalSection
	GlobalSection(SolutionProperties) = preSolution
		HideSolutionNode = FALSE
	EndGlobalSection
	GlobalSection(ExtensibilityGlobals) = postSolution
		SolutionGuid = {C9383A71-D24E-4223-A593-CD251DEDCA8E}
	EndGlobalSection
EndGlobal
